Microsoft Visual Studio Solution File, Format Version 12.00
# Visual Studio Version 17
VisualStudioVersion = 17.5.2.0
MinimumVisualStudioVersion = 10.0.40219.1
Project("{FAE04EC0-301F-11D3-BF4B-00C04F79EFBC}") = "pitMain", "pitMain.csproj", "{36BFBE74-C19E-CAE3-3C09-79E44AFD483E}"
EndProject
Global
	GlobalSection(SolutionConfigurationPlatforms) = preSolution
		Debug|Any CPU = Debug|Any CPU
		Release|Any CPU = Release|Any CPU
	EndGlobalSection
	GlobalSection(ProjectConfigurationPlatforms) = postSolution
		{36BFBE74-C19E-CAE3-3C09-79E44AFD483E}.Debug|Any CPU.ActiveCfg = Debug|Any CPU
		{36BFBE74-C19E-CAE3-3C09-79E44AFD483E}.Debug|Any CPU.Build.0 = Debug|Any CPU
		{36BFBE74-C19E-CAE3-3C09-79E44AFD483E}.Release|Any CPU.ActiveCfg = Release|Any CPU
		{36BFBE74-C19E-CAE3-3C09-79E44AFD483E}.Release|Any CPU.Build.0 = Release|Any CPU
	EndGlobalSection
	GlobalSection(SolutionProperties) = preSolution
		HideSolutionNode = FALSE
	EndGlobalSection
	GlobalSection(ExtensibilityGlobals) = postSolution
		SolutionGuid = {94C3B068-C13C-4D81-AB9E-7BC18B249589}
	EndGlobalSection
EndGlobal
