Microsoft Visual Studio Solution File, Format Version 12.00
# Visual Studio Version 17
VisualStudioVersion = 17.5.2.0
MinimumVisualStudioVersion = 10.0.40219.1
Project("{FAE04EC0-301F-11D3-BF4B-00C04F79EFBC}") = "matricupaAppFuncional", "matricupaAppFuncional\matricupaAppFuncional.csproj", "{444D86E5-9200-0BD7-E375-5411E4827209}"
EndProject
Global
	GlobalSection(SolutionConfigurationPlatforms) = preSolution
		Debug|Any CPU = Debug|Any CPU
		Release|Any CPU = Release|Any CPU
	EndGlobalSection
	GlobalSection(ProjectConfigurationPlatforms) = postSolution
		{444D86E5-9200-0BD7-E375-5411E4827209}.Debug|Any CPU.ActiveCfg = Debug|Any CPU
		{444D86E5-9200-0BD7-E375-5411E4827209}.Debug|Any CPU.Build.0 = Debug|Any CPU
		{444D86E5-9200-0BD7-E375-5411E4827209}.Release|Any CPU.ActiveCfg = Release|Any CPU
		{444D86E5-9200-0BD7-E375-5411E4827209}.Release|Any CPU.Build.0 = Release|Any CPU
	EndGlobalSection
	GlobalSection(SolutionProperties) = preSolution
		HideSolutionNode = FALSE
	EndGlobalSection
	GlobalSection(ExtensibilityGlobals) = postSolution
		SolutionGuid = {83A38AD9-1A2F-4BB6-A57F-9228577E7C4D}
	EndGlobalSection
EndGlobal
