Microsoft Visual Studio Solution File, Format Version 12.00
# Visual Studio Version 17
VisualStudioVersion = 17.5.2.0
MinimumVisualStudioVersion = 10.0.40219.1
Project("{FAE04EC0-301F-11D3-BF4B-00C04F79EFBC}") = "guiaDos", "guiaDos\guiaDos.csproj", "{59435D92-D11C-BA94-D52D-5CB2B4AB5347}"
EndProject
Global
	GlobalSection(SolutionConfigurationPlatforms) = preSolution
		Debug|Any CPU = Debug|Any CPU
		Release|Any CPU = Release|Any CPU
	EndGlobalSection
	GlobalSection(ProjectConfigurationPlatforms) = postSolution
		{59435D92-D11C-BA94-D52D-5CB2B4AB5347}.Debug|Any CPU.ActiveCfg = Debug|Any CPU
		{59435D92-D11C-BA94-D52D-5CB2B4AB5347}.Debug|Any CPU.Build.0 = Debug|Any CPU
		{59435D92-D11C-BA94-D52D-5CB2B4AB5347}.Release|Any CPU.ActiveCfg = Release|Any CPU
		{59435D92-D11C-BA94-D52D-5CB2B4AB5347}.Release|Any CPU.Build.0 = Release|Any CPU
	EndGlobalSection
	GlobalSection(SolutionProperties) = preSolution
		HideSolutionNode = FALSE
	EndGlobalSection
	GlobalSection(ExtensibilityGlobals) = postSolution
		SolutionGuid = {5CDAF677-CA3A-4FD4-A85B-5EB88CCFA201}
	EndGlobalSection
EndGlobal
